
Microsoft Visual Studio Solution File, Format Version 12.00
# Visual Studio Version 17
VisualStudioVersion = 17.9.34622.214
MinimumVisualStudioVersion = 10.0.40219.1
Project("{9A19103F-16F7-4668-BE54-9A1E7A4F7556}") = "ExchangeRates", "ExchangeRates.csproj", "{88B65B6E-0A91-46DE-BFF9-1664E465EFFA}"
EndProject
Project("{FAE04EC0-301F-11D3-BF4B-00C04F79EFBC}") = "ExchangeRatesGUI", "..\ExchangeRatesGUI\ExchangeRatesGUI.csproj", "{2AB2A40E-B39D-41AB-8B22-AEBF9C4514BA}"
EndProject
Global
	GlobalSection(SolutionConfigurationPlatforms) = preSolution
		Debug|Any CPU = Debug|Any CPU
		Release|Any CPU = Release|Any CPU
	EndGlobalSection
	GlobalSection(ProjectConfigurationPlatforms) = postSolution
		{88B65B6E-0A91-46DE-BFF9-1664E465EFFA}.Debug|Any CPU.ActiveCfg = Debug|Any CPU
		{88B65B6E-0A91-46DE-BFF9-1664E465EFFA}.Debug|Any CPU.Build.0 = Debug|Any CPU
		{88B65B6E-0A91-46DE-BFF9-1664E465EFFA}.Release|Any CPU.ActiveCfg = Release|Any CPU
		{88B65B6E-0A91-46DE-BFF9-1664E465EFFA}.Release|Any CPU.Build.0 = Release|Any CPU
		{2AB2A40E-B39D-41AB-8B22-AEBF9C4514BA}.Debug|Any CPU.ActiveCfg = Debug|Any CPU
		{2AB2A40E-B39D-41AB-8B22-AEBF9C4514BA}.Debug|Any CPU.Build.0 = Debug|Any CPU
		{2AB2A40E-B39D-41AB-8B22-AEBF9C4514BA}.Release|Any CPU.ActiveCfg = Release|Any CPU
		{2AB2A40E-B39D-41AB-8B22-AEBF9C4514BA}.Release|Any CPU.Build.0 = Release|Any CPU
	EndGlobalSection
	GlobalSection(SolutionProperties) = preSolution
		HideSolutionNode = FALSE
	EndGlobalSection
	GlobalSection(ExtensibilityGlobals) = postSolution
		SolutionGuid = {D34D5074-F1CD-4BB0-8CC4-BFCBD36CB398}
	EndGlobalSection
EndGlobal
